// !$*UTF8*$!
{
	archiveVersion = 1;
	classes = {
	};
	objectVersion = 56;
	objects = {

/* Begin PBXBuildFile section */
		048573232B17D888004BC753 /* AppDelegate.swift in Sources */ = {isa = PBXBuildFile; fileRef = 048573222B17D888004BC753 /* AppDelegate.swift */; };
		0485732E2B17D888004BC753 /* Main.storyboard in Resources */ = {isa = PBXBuildFile; fileRef = 0485732C2B17D888004BC753 /* Main.storyboard */; };
		048573302B17D88A004BC753 /* Assets.xcassets in Resources */ = {isa = PBXBuildFile; fileRef = 0485732F2B17D88A004BC753 /* Assets.xcassets */; };
		048573332B17D88A004BC753 /* LaunchScreen.storyboard in Resources */ = {isa = PBXBuildFile; fileRef = 048573312B17D88A004BC753 /* LaunchScreen.storyboard */; };
		0485733A2B17D8D7004BC753 /* Code.swift in Sources */ = {isa = PBXBuildFile; fileRef = 048573392B17D8D7004BC753 /* Code.swift */; };
		0485733E2B17DC9D004BC753 /* gameViewController.swift in Sources */ = {isa = PBXBuildFile; fileRef = 0485733D2B17DC9D004BC753 /* gameViewController.swift */; };
		048573402B17E85C004BC753 /* FortuneWheel.swift in Sources */ = {isa = PBXBuildFile; fileRef = 0485733F2B17E85C004BC753 /* FortuneWheel.swift */; };
		5FE979D55C50D6412F789CB1 /* Pods_Qrazy_Time.framework in Frameworks */ = {isa = PBXBuildFile; fileRef = 176CEBF5482C025055E5B37C /* Pods_Qrazy_Time.framework */; };
/* End PBXBuildFile section */

/* Begin PBXFileReference section */
		0485731F2B17D888004BC753 /* Qrazy-Time.app */ = {isa = PBXFileReference; explicitFileType = wrapper.application; includeInIndex = 0; path = "Qrazy-Time.app"; sourceTree = BUILT_PRODUCTS_DIR; };
		048573222B17D888004BC753 /* AppDelegate.swift */ = {isa = PBXFileReference; lastKnownFileType = sourcecode.swift; path = AppDelegate.swift; sourceTree = "<group>"; };
		0485732D2B17D888004BC753 /* Base */ = {isa = PBXFileReference; lastKnownFileType = file.storyboard; name = Base; path = Base.lproj/Main.storyboard; sourceTree = "<group>"; };
		0485732F2B17D88A004BC753 /* Assets.xcassets */ = {isa = PBXFileReference; lastKnownFileType = folder.assetcatalog; path = Assets.xcassets; sourceTree = "<group>"; };
		048573322B17D88A004BC753 /* Base */ = {isa = PBXFileReference; lastKnownFileType = file.storyboard; name = Base; path = Base.lproj/LaunchScreen.storyboard; sourceTree = "<group>"; };
		048573392B17D8D7004BC753 /* Code.swift */ = {isa = PBXFileReference; lastKnownFileType = sourcecode.swift; path = Code.swift; sourceTree = "<group>"; };
		0485733B2B17D8F0004BC753 /* Info.plist */ = {isa = PBXFileReference; lastKnownFileType = text.plist.xml; path = Info.plist; sourceTree = "<group>"; };
		0485733D2B17DC9D004BC753 /* gameViewController.swift */ = {isa = PBXFileReference; lastKnownFileType = sourcecode.swift; path = gameViewController.swift; sourceTree = "<group>"; };
		0485733F2B17E85C004BC753 /* FortuneWheel.swift */ = {isa = PBXFileReference; lastKnownFileType = sourcecode.swift; path = FortuneWheel.swift; sourceTree = "<group>"; };
		04EBA2272B1F28150026110E /* Qrazy-Time.entitlements */ = {isa = PBXFileReference; lastKnownFileType = text.plist.entitlements; path = "Qrazy-Time.entitlements"; sourceTree = "<group>"; };
		176CEBF5482C025055E5B37C /* Pods_Qrazy_Time.framework */ = {isa = PBXFileReference; explicitFileType = wrapper.framework; includeInIndex = 0; path = Pods_Qrazy_Time.framework; sourceTree = BUILT_PRODUCTS_DIR; };
		70B4B299ECCFD656BD95DAF2 /* Pods-Qrazy-Time.debug.xcconfig */ = {isa = PBXFileReference; includeInIndex = 1; lastKnownFileType = text.xcconfig; name = "Pods-Qrazy-Time.debug.xcconfig"; path = "Target Support Files/Pods-Qrazy-Time/Pods-Qrazy-Time.debug.xcconfig"; sourceTree = "<group>"; };
		93A408C55E0629B457DCC45A /* Pods-Qrazy-Time.release.xcconfig */ = {isa = PBXFileReference; includeInIndex = 1; lastKnownFileType = text.xcconfig; name = "Pods-Qrazy-Time.release.xcconfig"; path = "Target Support Files/Pods-Qrazy-Time/Pods-Qrazy-Time.release.xcconfig"; sourceTree = "<group>"; };
/* End PBXFileReference section */

/* Begin PBXFrameworksBuildPhase section */
		0485731C2B17D888004BC753 /* Frameworks */ = {
			isa = PBXFrameworksBuildPhase;
			buildActionMask = 2147483647;
			files = (
				5FE979D55C50D6412F789CB1 /* Pods_Qrazy_Time.framework in Frameworks */,
			);
			runOnlyForDeploymentPostprocessing = 0;
		};
/* End PBXFrameworksBuildPhase section */

/* Begin PBXGroup section */
		048573162B17D888004BC753 = {
			isa = PBXGroup;
			children = (
				048573212B17D888004BC753 /* Qrazy-Time */,
				048573202B17D888004BC753 /* Products */,
				3CA33B5DA769EE8C6BAF0D5F /* Pods */,
				313957E722F7563BE72AD054 /* Frameworks */,
			);
			sourceTree = "<group>";
		};
		048573202B17D888004BC753 /* Products */ = {
			isa = PBXGroup;
			children = (
				0485731F2B17D888004BC753 /* Qrazy-Time.app */,
			);
			name = Products;
			sourceTree = "<group>";
		};
		048573212B17D888004BC753 /* Qrazy-Time */ = {
			isa = PBXGroup;
			children = (
				04EBA2272B1F28150026110E /* Qrazy-Time.entitlements */,
				048573222B17D888004BC753 /* AppDelegate.swift */,
				0485732C2B17D888004BC753 /* Main.storyboard */,
				0485732F2B17D88A004BC753 /* Assets.xcassets */,
				048573312B17D88A004BC753 /* LaunchScreen.storyboard */,
				048573392B17D8D7004BC753 /* Code.swift */,
				0485733B2B17D8F0004BC753 /* Info.plist */,
				0485733D2B17DC9D004BC753 /* gameViewController.swift */,
				0485733F2B17E85C004BC753 /* FortuneWheel.swift */,
			);
			path = "Qrazy-Time";
			sourceTree = "<group>";
		};
		313957E722F7563BE72AD054 /* Frameworks */ = {
			isa = PBXGroup;
			children = (
				176CEBF5482C025055E5B37C /* Pods_Qrazy_Time.framework */,
			);
			name = Frameworks;
			sourceTree = "<group>";
		};
		3CA33B5DA769EE8C6BAF0D5F /* Pods */ = {
			isa = PBXGroup;
			children = (
				70B4B299ECCFD656BD95DAF2 /* Pods-Qrazy-Time.debug.xcconfig */,
				93A408C55E0629B457DCC45A /* Pods-Qrazy-Time.release.xcconfig */,
			);
			path = Pods;
			sourceTree = "<group>";
		};
/* End PBXGroup section */

/* Begin PBXNativeTarget section */
		0485731E2B17D888004BC753 /* Qrazy-Time */ = {
			isa = PBXNativeTarget;
			buildConfigurationList = 048573362B17D88A004BC753 /* Build configuration list for PBXNativeTarget "Qrazy-Time" */;
			buildPhases = (
				64B72CA420DACC4FD504F046 /* [CP] Check Pods Manifest.lock */,
				0485731B2B17D888004BC753 /* Sources */,
				0485731C2B17D888004BC753 /* Frameworks */,
				0485731D2B17D888004BC753 /* Resources */,
				9CAEB2934DFB2400FDB800DD /* [CP] Embed Pods Frameworks */,
			);
			buildRules = (
			);
			dependencies = (
			);
			name = "Qrazy-Time";
			productName = "Qrazy-Time";
			productReference = 0485731F2B17D888004BC753 /* Qrazy-Time.app */;
			productType = "com.apple.product-type.application";
		};
/* End PBXNativeTarget section */

/* Begin PBXProject section */
		048573172B17D888004BC753 /* Project object */ = {
			isa = PBXProject;
			attributes = {
				BuildIndependentTargetsInParallel = 1;
				LastSwiftUpdateCheck = 1500;
				LastUpgradeCheck = 1500;
				TargetAttributes = {
					0485731E2B17D888004BC753 = {
						CreatedOnToolsVersion = 15.0;
					};
				};
			};
			buildConfigurationList = 0485731A2B17D888004BC753 /* Build configuration list for PBXProject "Qrazy-Time" */;
			compatibilityVersion = "Xcode 14.0";
			developmentRegion = en;
			hasScannedForEncodings = 0;
			knownRegions = (
				en,
				Base,
			);
			mainGroup = 048573162B17D888004BC753;
			productRefGroup = 048573202B17D888004BC753 /* Products */;
			projectDirPath = "";
			projectRoot = "";
			targets = (
				0485731E2B17D888004BC753 /* Qrazy-Time */,
			);
		};
/* End PBXProject section */

/* Begin PBXResourcesBuildPhase section */
		0485731D2B17D888004BC753 /* Resources */ = {
			isa = PBXResourcesBuildPhase;
			buildActionMask = 2147483647;
			files = (
				0485732E2B17D888004BC753 /* Main.storyboard in Resources */,
				048573302B17D88A004BC753 /* Assets.xcassets in Resources */,
				048573332B17D88A004BC753 /* LaunchScreen.storyboard in Resources */,
			);
			runOnlyForDeploymentPostprocessing = 0;
		};
/* End PBXResourcesBuildPhase section */

/* Begin PBXShellScriptBuildPhase section */
		64B72CA420DACC4FD504F046 /* [CP] Check Pods Manifest.lock */ = {
			isa = PBXShellScriptBuildPhase;
			buildActionMask = 2147483647;
			files = (
			);
			inputFileListPaths = (
			);
			inputPaths = (
				"${PODS_PODFILE_DIR_PATH}/Podfile.lock",
				"${PODS_ROOT}/Manifest.lock",
			);
			name = "[CP] Check Pods Manifest.lock";
			outputFileListPaths = (
			);
			outputPaths = (
				"$(DERIVED_FILE_DIR)/Pods-Qrazy-Time-checkManifestLockResult.txt",
			);
			runOnlyForDeploymentPostprocessing = 0;
			shellPath = /bin/sh;
			shellScript = "diff \"${PODS_PODFILE_DIR_PATH}/Podfile.lock\" \"${PODS_ROOT}/Manifest.lock\" > /dev/null\nif [ $? != 0 ] ; then\n    # print error to STDERR\n    echo \"error: The sandbox is not in sync with the Podfile.lock. Run 'pod install' or update your CocoaPods installation.\" >&2\n    exit 1\nfi\n# This output is used by Xcode 'outputs' to avoid re-running this script phase.\necho \"SUCCESS\" > \"${SCRIPT_OUTPUT_FILE_0}\"\n";
			showEnvVarsInLog = 0;
		};
		9CAEB2934DFB2400FDB800DD /* [CP] Embed Pods Frameworks */ = {
			isa = PBXShellScriptBuildPhase;
			buildActionMask = 2147483647;
			files = (
			);
			inputFileListPaths = (
				"${PODS_ROOT}/Target Support Files/Pods-Qrazy-Time/Pods-Qrazy-Time-frameworks-${CONFIGURATION}-input-files.xcfilelist",
			);
			name = "[CP] Embed Pods Frameworks";
			outputFileListPaths = (
				"${PODS_ROOT}/Target Support Files/Pods-Qrazy-Time/Pods-Qrazy-Time-frameworks-${CONFIGURATION}-output-files.xcfilelist",
			);
			runOnlyForDeploymentPostprocessing = 0;
			shellPath = /bin/sh;
			shellScript = "\"${PODS_ROOT}/Target Support Files/Pods-Qrazy-Time/Pods-Qrazy-Time-frameworks.sh\"\n";
			showEnvVarsInLog = 0;
		};
/* End PBXShellScriptBuildPhase section */

/* Begin PBXSourcesBuildPhase section */
		0485731B2B17D888004BC753 /* Sources */ = {
			isa = PBXSourcesBuildPhase;
			buildActionMask = 2147483647;
			files = (
				0485733E2B17DC9D004BC753 /* gameViewController.swift in Sources */,
				048573402B17E85C004BC753 /* FortuneWheel.swift in Sources */,
				0485733A2B17D8D7004BC753 /* Code.swift in Sources */,
				048573232B17D888004BC753 /* AppDelegate.swift in Sources */,
			);
			runOnlyForDeploymentPostprocessing = 0;
		};
/* End PBXSourcesBuildPhase section */

/* Begin PBXVariantGroup section */
		0485732C2B17D888004BC753 /* Main.storyboard */ = {
			isa = PBXVariantGroup;
			children = (
				0485732D2B17D888004BC753 /* Base */,
			);
			name = Main.storyboard;
			sourceTree = "<group>";
		};
		048573312B17D88A004BC753 /* LaunchScreen.storyboard */ = {
			isa = PBXVariantGroup;
			children = (
				048573322B17D88A004BC753 /* Base */,
			);
			name = LaunchScreen.storyboard;
			sourceTree = "<group>";
		};
/* End PBXVariantGroup section */

/* Begin XCBuildConfiguration section */
		048573342B17D88A004BC753 /* Debug */ = {
			isa = XCBuildConfiguration;
			buildSettings = {
				ALWAYS_SEARCH_USER_PATHS = NO;
				ASSETCATALOG_COMPILER_GENERATE_SWIFT_ASSET_SYMBOL_EXTENSIONS = YES;
				CLANG_ANALYZER_NONNULL = YES;
				CLANG_ANALYZER_NUMBER_OBJECT_CONVERSION = YES_AGGRESSIVE;
				CLANG_CXX_LANGUAGE_STANDARD = "gnu++20";
				CLANG_ENABLE_MODULES = YES;
				CLANG_ENABLE_OBJC_ARC = YES;
				CLANG_ENABLE_OBJC_WEAK = YES;
				CLANG_WARN_BLOCK_CAPTURE_AUTORELEASING = YES;
				CLANG_WARN_BOOL_CONVERSION = YES;
				CLANG_WARN_COMMA = YES;
				CLANG_WARN_CONSTANT_CONVERSION = YES;
				CLANG_WARN_DEPRECATED_OBJC_IMPLEMENTATIONS = YES;
				CLANG_WARN_DIRECT_OBJC_ISA_USAGE = YES_ERROR;
				CLANG_WARN_DOCUMENTATION_COMMENTS = YES;
				CLANG_WARN_EMPTY_BODY = YES;
				CLANG_WARN_ENUM_CONVERSION = YES;
				CLANG_WARN_INFINITE_RECURSION = YES;
				CLANG_WARN_INT_CONVERSION = YES;
				CLANG_WARN_NON_LITERAL_NULL_CONVERSION = YES;
				CLANG_WARN_OBJC_IMPLICIT_RETAIN_SELF = YES;
				CLANG_WARN_OBJC_LITERAL_CONVERSION = YES;
				CLANG_WARN_OBJC_ROOT_CLASS = YES_ERROR;
				CLANG_WARN_QUOTED_INCLUDE_IN_FRAMEWORK_HEADER = YES;
				CLANG_WARN_RANGE_LOOP_ANALYSIS = YES;
				CLANG_WARN_STRICT_PROTOTYPES = YES;
				CLANG_WARN_SUSPICIOUS_MOVE = YES;
				CLANG_WARN_UNGUARDED_AVAILABILITY = YES_AGGRESSIVE;
				CLANG_WARN_UNREACHABLE_CODE = YES;
				CLANG_WARN__DUPLICATE_METHOD_MATCH = YES;
				COPY_PHASE_STRIP = NO;
				DEBUG_INFORMATION_FORMAT = dwarf;
				ENABLE_STRICT_OBJC_MSGSEND = YES;
				ENABLE_TESTABILITY = YES;
				ENABLE_USER_SCRIPT_SANDBOXING = YES;
				GCC_C_LANGUAGE_STANDARD = gnu17;
				GCC_DYNAMIC_NO_PIC = NO;
				GCC_NO_COMMON_BLOCKS = YES;
				GCC_OPTIMIZATION_LEVEL = 0;
				GCC_PREPROCESSOR_DEFINITIONS = (
					"DEBUG=1",
					"$(inherited)",
				);
				GCC_WARN_64_TO_32_BIT_CONVERSION = YES;
				GCC_WARN_ABOUT_RETURN_TYPE = YES_ERROR;
				GCC_WARN_UNDECLARED_SELECTOR = YES;
				GCC_WARN_UNINITIALIZED_AUTOS = YES_AGGRESSIVE;
				GCC_WARN_UNUSED_FUNCTION = YES;
				GCC_WARN_UNUSED_VARIABLE = YES;
				IPHONEOS_DEPLOYMENT_TARGET = 17.0;
				LOCALIZATION_PREFERS_STRING_CATALOGS = YES;
				MTL_ENABLE_DEBUG_INFO = INCLUDE_SOURCE;
				MTL_FAST_MATH = YES;
				ONLY_ACTIVE_ARCH = YES;
				SDKROOT = iphoneos;
				SWIFT_ACTIVE_COMPILATION_CONDITIONS = "DEBUG $(inherited)";
				SWIFT_OPTIMIZATION_LEVEL = "-Onone";
			};
			name = Debug;
		};
		048573352B17D88A004BC753 /* Release */ = {
			isa = XCBuildConfiguration;
			buildSettings = {
				ALWAYS_SEARCH_USER_PATHS = NO;
				ASSETCATALOG_COMPILER_GENERATE_SWIFT_ASSET_SYMBOL_EXTENSIONS = YES;
				CLANG_ANALYZER_NONNULL = YES;
				CLANG_ANALYZER_NUMBER_OBJECT_CONVERSION = YES_AGGRESSIVE;
				CLANG_CXX_LANGUAGE_STANDARD = "gnu++20";
				CLANG_ENABLE_MODULES = YES;
				CLANG_ENABLE_OBJC_ARC = YES;
				CLANG_ENABLE_OBJC_WEAK = YES;
				CLANG_WARN_BLOCK_CAPTURE_AUTORELEASING = YES;
				CLANG_WARN_BOOL_CONVERSION = YES;
				CLANG_WARN_COMMA = YES;
				CLANG_WARN_CONSTANT_CONVERSION = YES;
				CLANG_WARN_DEPRECATED_OBJC_IMPLEMENTATIONS = YES;
				CLANG_WARN_DIRECT_OBJC_ISA_USAGE = YES_ERROR;
				CLANG_WARN_DOCUMENTATION_COMMENTS = YES;
				CLANG_WARN_EMPTY_BODY = YES;
				CLANG_WARN_ENUM_CONVERSION = YES;
				CLANG_WARN_INFINITE_RECURSION = YES;
				CLANG_WARN_INT_CONVERSION = YES;
				CLANG_WARN_NON_LITERAL_NULL_CONVERSION = YES;
				CLANG_WARN_OBJC_IMPLICIT_RETAIN_SELF = YES;
				CLANG_WARN_OBJC_LITERAL_CONVERSION = YES;
				CLANG_WARN_OBJC_ROOT_CLASS = YES_ERROR;
				CLANG_WARN_QUOTED_INCLUDE_IN_FRAMEWORK_HEADER = YES;
				CLANG_WARN_RANGE_LOOP_ANALYSIS = YES;
				CLANG_WARN_STRICT_PROTOTYPES = YES;
				CLANG_WARN_SUSPICIOUS_MOVE = YES;
				CLANG_WARN_UNGUARDED_AVAILABILITY = YES_AGGRESSIVE;
				CLANG_WARN_UNREACHABLE_CODE = YES;
				CLANG_WARN__DUPLICATE_METHOD_MATCH = YES;
				COPY_PHASE_STRIP = NO;
				DEBUG_INFORMATION_FORMAT = "dwarf-with-dsym";
				ENABLE_NS_ASSERTIONS = NO;
				ENABLE_STRICT_OBJC_MSGSEND = YES;
				ENABLE_USER_SCRIPT_SANDBOXING = YES;
				GCC_C_LANGUAGE_STANDARD = gnu17;
				GCC_NO_COMMON_BLOCKS = YES;
				GCC_WARN_64_TO_32_BIT_CONVERSION = YES;
				GCC_WARN_ABOUT_RETURN_TYPE = YES_ERROR;
				GCC_WARN_UNDECLARED_SELECTOR = YES;
				GCC_WARN_UNINITIALIZED_AUTOS = YES_AGGRESSIVE;
				GCC_WARN_UNUSED_FUNCTION = YES;
				GCC_WARN_UNUSED_VARIABLE = YES;
				IPHONEOS_DEPLOYMENT_TARGET = 17.0;
				LOCALIZATION_PREFERS_STRING_CATALOGS = YES;
				MTL_ENABLE_DEBUG_INFO = NO;
				MTL_FAST_MATH = YES;
				SDKROOT = iphoneos;
				SWIFT_COMPILATION_MODE = wholemodule;
				VALIDATE_PRODUCT = YES;
			};
			name = Release;
		};
		048573372B17D88A004BC753 /* Debug */ = {
			isa = XCBuildConfiguration;
			baseConfigurationReference = 70B4B299ECCFD656BD95DAF2 /* Pods-Qrazy-Time.debug.xcconfig */;
			buildSettings = {
				ASSETCATALOG_COMPILER_APPICON_NAME = AppIcon;
				ASSETCATALOG_COMPILER_GLOBAL_ACCENT_COLOR_NAME = AccentColor;
				CODE_SIGN_ENTITLEMENTS = "Qrazy-Time/Qrazy-Time.entitlements";
				CODE_SIGN_STYLE = Manual;
				CURRENT_PROJECT_VERSION = 1;
				DEVELOPMENT_TEAM = "";
				ENABLE_USER_SCRIPT_SANDBOXING = NO;
				GENERATE_INFOPLIST_FILE = NO;
				INFOPLIST_FILE = "Qrazy-Time/Info.plist";
				INFOPLIST_KEY_UIApplicationSupportsIndirectInputEvents = YES;
				INFOPLIST_KEY_UILaunchStoryboardName = LaunchScreen;
				INFOPLIST_KEY_UIMainStoryboardFile = Main;
				INFOPLIST_KEY_UIStatusBarHidden = YES;
				INFOPLIST_KEY_UISupportedInterfaceOrientations_iPad = "UIInterfaceOrientationPortrait UIInterfaceOrientationPortraitUpsideDown UIInterfaceOrientationLandscapeLeft UIInterfaceOrientationLandscapeRight";
				INFOPLIST_KEY_UISupportedInterfaceOrientations_iPhone = "UIInterfaceOrientationPortrait UIInterfaceOrientationLandscapeLeft UIInterfaceOrientationLandscapeRight";
				IPHONEOS_DEPLOYMENT_TARGET = 15.0;
				LD_RUNPATH_SEARCH_PATHS = (
					"$(inherited)",
					"@executable_path/Frameworks",
				);
				MARKETING_VERSION = 1.0;
				PRODUCT_BUNDLE_IDENTIFIER = "com.koroid.Qrazy-Time";
				PRODUCT_NAME = "$(TARGET_NAME)";
				PROVISIONING_PROFILE_SPECIFIER = "";
				SWIFT_EMIT_LOC_STRINGS = YES;
				SWIFT_VERSION = 5.0;
				TARGETED_DEVICE_FAMILY = "1,2";
			};
			name = Debug;
		};
		048573382B17D88A004BC753 /* Release */ = {
			isa = XCBuildConfiguration;
			baseConfigurationReference = 93A408C55E0629B457DCC45A /* Pods-Qrazy-Time.release.xcconfig */;
			buildSettings = {
				ASSETCATALOG_COMPILER_APPICON_NAME = AppIcon;
				ASSETCATALOG_COMPILER_GLOBAL_ACCENT_COLOR_NAME = AccentColor;
				CODE_SIGN_ENTITLEMENTS = "Qrazy-Time/Qrazy-Time.entitlements";
				CODE_SIGN_STYLE = Manual;
				CURRENT_PROJECT_VERSION = 1;
				DEVELOPMENT_TEAM = "";
				ENABLE_USER_SCRIPT_SANDBOXING = NO;
				GENERATE_INFOPLIST_FILE = NO;
				INFOPLIST_FILE = "Qrazy-Time/Info.plist";
				INFOPLIST_KEY_UIApplicationSupportsIndirectInputEvents = YES;
				INFOPLIST_KEY_UILaunchStoryboardName = LaunchScreen;
				INFOPLIST_KEY_UIMainStoryboardFile = Main;
				INFOPLIST_KEY_UIStatusBarHidden = YES;
				INFOPLIST_KEY_UISupportedInterfaceOrientations_iPad = "UIInterfaceOrientationPortrait UIInterfaceOrientationPortraitUpsideDown UIInterfaceOrientationLandscapeLeft UIInterfaceOrientationLandscapeRight";
				INFOPLIST_KEY_UISupportedInterfaceOrientations_iPhone = "UIInterfaceOrientationPortrait UIInterfaceOrientationLandscapeLeft UIInterfaceOrientationLandscapeRight";
				IPHONEOS_DEPLOYMENT_TARGET = 15.0;
				LD_RUNPATH_SEARCH_PATHS = (
					"$(inherited)",
					"@executable_path/Frameworks",
				);
				MARKETING_VERSION = 1.0;
				PRODUCT_BUNDLE_IDENTIFIER = "com.koroid.Qrazy-Time";
				PRODUCT_NAME = "$(TARGET_NAME)";
				PROVISIONING_PROFILE_SPECIFIER = "";
				SWIFT_EMIT_LOC_STRINGS = YES;
				SWIFT_VERSION = 5.0;
				TARGETED_DEVICE_FAMILY = "1,2";
			};
			name = Release;
		};
/* End XCBuildConfiguration section */

/* Begin XCConfigurationList section */
		0485731A2B17D888004BC753 /* Build configuration list for PBXProject "Qrazy-Time" */ = {
			isa = XCConfigurationList;
			buildConfigurations = (
				048573342B17D88A004BC753 /* Debug */,
				048573352B17D88A004BC753 /* Release */,
			);
			defaultConfigurationIsVisible = 0;
			defaultConfigurationName = Release;
		};
		048573362B17D88A004BC753 /* Build configuration list for PBXNativeTarget "Qrazy-Time" */ = {
			isa = XCConfigurationList;
			buildConfigurations = (
				048573372B17D88A004BC753 /* Debug */,
				048573382B17D88A004BC753 /* Release */,
			);
			defaultConfigurationIsVisible = 0;
			defaultConfigurationName = Release;
		};
/* End XCConfigurationList section */
	};
	rootObject = 048573172B17D888004BC753 /* Project object */;
}
